{
  "name": "k",
  "version": "1.0.0",
  "lockfileVersion": 1,
  "requires": true,
  "dependencies": {
    "sweetalert2": {
      "version": "9.10.10",
      "resolved": "https://registry.npmjs.org/sweetalert2/-/sweetalert2-9.10.10.tgz",
      "integrity": "sha512-raUvVaRy7GlpBtUN6Pm7VVbKNqTX000mgVYQVO4N9wymywoL2L4cXnn8+zL7fRFBn5zphIeT/pvB1teisz50zQ=="
    }
  }
}
